
Microsoft Visual Studio Solution File, Format Version 12.00
# Visual Studio Version 16
VisualStudioVersion = 16.0.31112.23
MinimumVisualStudioVersion = 10.0.40219.1
Project("{FAE04EC0-301F-11D3-BF4B-00C04F79EFBC}") = "EjemploTabs_2021", "EjemploTabs_2021\EjemploTabs_2021.csproj", "{88CDEDAD-9742-4098-BB92-06BB463B5AEA}"
EndProject
Global
	GlobalSection(SolutionConfigurationPlatforms) = preSolution
		Debug|Any CPU = Debug|Any CPU
		Release|Any CPU = Release|Any CPU
	EndGlobalSection
	GlobalSection(ProjectConfigurationPlatforms) = postSolution
		{88CDEDAD-9742-4098-BB92-06BB463B5AEA}.Debug|Any CPU.ActiveCfg = Debug|Any CPU
		{88CDEDAD-9742-4098-BB92-06BB463B5AEA}.Debug|Any CPU.Build.0 = Debug|Any CPU
		{88CDEDAD-9742-4098-BB92-06BB463B5AEA}.Release|Any CPU.ActiveCfg = Release|Any CPU
		{88CDEDAD-9742-4098-BB92-06BB463B5AEA}.Release|Any CPU.Build.0 = Release|Any CPU
	EndGlobalSection
	GlobalSection(SolutionProperties) = preSolution
		HideSolutionNode = FALSE
	EndGlobalSection
	GlobalSection(ExtensibilityGlobals) = postSolution
		SolutionGuid = {04986755-6243-432A-9DA5-3B39A3BED74A}
	EndGlobalSection
EndGlobal
